
Microsoft Visual Studio Solution File, Format Version 12.00
# Visual Studio Version 17
VisualStudioVersion = 17.10.35004.147
MinimumVisualStudioVersion = 10.0.40219.1
Project("{FAE04EC0-301F-11D3-BF4B-00C04F79EFBC}") = "Constructores y destructores", "Constructores y destructores\Constructores y destructores.csproj", "{D3CDEA21-1931-41A6-8C97-8E801CF907CA}"
EndProject
Global
	GlobalSection(SolutionConfigurationPlatforms) = preSolution
		Debug|Any CPU = Debug|Any CPU
		Release|Any CPU = Release|Any CPU
	EndGlobalSection
	GlobalSection(ProjectConfigurationPlatforms) = postSolution
		{D3CDEA21-1931-41A6-8C97-8E801CF907CA}.Debug|Any CPU.ActiveCfg = Debug|Any CPU
		{D3CDEA21-1931-41A6-8C97-8E801CF907CA}.Debug|Any CPU.Build.0 = Debug|Any CPU
		{D3CDEA21-1931-41A6-8C97-8E801CF907CA}.Release|Any CPU.ActiveCfg = Release|Any CPU
		{D3CDEA21-1931-41A6-8C97-8E801CF907CA}.Release|Any CPU.Build.0 = Release|Any CPU
	EndGlobalSection
	GlobalSection(SolutionProperties) = preSolution
		HideSolutionNode = FALSE
	EndGlobalSection
	GlobalSection(ExtensibilityGlobals) = postSolution
		SolutionGuid = {4E418554-56D6-4B57-9EF8-D45ADB59B8E8}
	EndGlobalSection
EndGlobal
