
Microsoft Visual Studio Solution File, Format Version 12.00
# Visual Studio Version 17
VisualStudioVersion = 17.10.35004.147
MinimumVisualStudioVersion = 10.0.40219.1
Project("{FAE04EC0-301F-11D3-BF4B-00C04F79EFBC}") = "Notas clase Tipos valor y tipo referencia", "Notas clase Tipos valor y tipo referencia\Notas clase Tipos valor y tipo referencia.csproj", "{CA38B9E1-4D09-485D-B18F-F3D4C8D886CB}"
EndProject
Global
	GlobalSection(SolutionConfigurationPlatforms) = preSolution
		Debug|Any CPU = Debug|Any CPU
		Release|Any CPU = Release|Any CPU
	EndGlobalSection
	GlobalSection(ProjectConfigurationPlatforms) = postSolution
		{CA38B9E1-4D09-485D-B18F-F3D4C8D886CB}.Debug|Any CPU.ActiveCfg = Debug|Any CPU
		{CA38B9E1-4D09-485D-B18F-F3D4C8D886CB}.Debug|Any CPU.Build.0 = Debug|Any CPU
		{CA38B9E1-4D09-485D-B18F-F3D4C8D886CB}.Release|Any CPU.ActiveCfg = Release|Any CPU
		{CA38B9E1-4D09-485D-B18F-F3D4C8D886CB}.Release|Any CPU.Build.0 = Release|Any CPU
	EndGlobalSection
	GlobalSection(SolutionProperties) = preSolution
		HideSolutionNode = FALSE
	EndGlobalSection
	GlobalSection(ExtensibilityGlobals) = postSolution
		SolutionGuid = {A5CCBB23-14A8-4D42-83D9-B6E5D4C56E18}
	EndGlobalSection
EndGlobal
