
Microsoft Visual Studio Solution File, Format Version 12.00
# Visual Studio Version 17
VisualStudioVersion = 17.5.33530.505
MinimumVisualStudioVersion = 10.0.40219.1
Project("{FAE04EC0-301F-11D3-BF4B-00C04F79EFBC}") = "ejemplo", "ejemplo\ejemplo.csproj", "{458E8035-639E-40D9-A4D7-5A1CDED8E477}"
EndProject
Global
	GlobalSection(SolutionConfigurationPlatforms) = preSolution
		Debug|Any CPU = Debug|Any CPU
		Release|Any CPU = Release|Any CPU
	EndGlobalSection
	GlobalSection(ProjectConfigurationPlatforms) = postSolution
		{458E8035-639E-40D9-A4D7-5A1CDED8E477}.Debug|Any CPU.ActiveCfg = Debug|Any CPU
		{458E8035-639E-40D9-A4D7-5A1CDED8E477}.Debug|Any CPU.Build.0 = Debug|Any CPU
		{458E8035-639E-40D9-A4D7-5A1CDED8E477}.Release|Any CPU.ActiveCfg = Release|Any CPU
		{458E8035-639E-40D9-A4D7-5A1CDED8E477}.Release|Any CPU.Build.0 = Release|Any CPU
	EndGlobalSection
	GlobalSection(SolutionProperties) = preSolution
		HideSolutionNode = FALSE
	EndGlobalSection
	GlobalSection(ExtensibilityGlobals) = postSolution
		SolutionGuid = {D24348F1-760F-4353-8161-F49A85E419EA}
	EndGlobalSection
EndGlobal
