
Microsoft Visual Studio Solution File, Format Version 12.00
# Visual Studio Version 17
VisualStudioVersion = 17.10.35122.118
MinimumVisualStudioVersion = 10.0.40219.1
Project("{FAE04EC0-301F-11D3-BF4B-00C04F79EFBC}") = "TipoDeDatoDateTime", "TipoDeDatoDateTime\TipoDeDatoDateTime.csproj", "{0119744B-A571-4147-AABF-BD575FE14287}"
EndProject
Global
	GlobalSection(SolutionConfigurationPlatforms) = preSolution
		Debug|Any CPU = Debug|Any CPU
		Release|Any CPU = Release|Any CPU
	EndGlobalSection
	GlobalSection(ProjectConfigurationPlatforms) = postSolution
		{0119744B-A571-4147-AABF-BD575FE14287}.Debug|Any CPU.ActiveCfg = Debug|Any CPU
		{0119744B-A571-4147-AABF-BD575FE14287}.Debug|Any CPU.Build.0 = Debug|Any CPU
		{0119744B-A571-4147-AABF-BD575FE14287}.Release|Any CPU.ActiveCfg = Release|Any CPU
		{0119744B-A571-4147-AABF-BD575FE14287}.Release|Any CPU.Build.0 = Release|Any CPU
	EndGlobalSection
	GlobalSection(SolutionProperties) = preSolution
		HideSolutionNode = FALSE
	EndGlobalSection
	GlobalSection(ExtensibilityGlobals) = postSolution
		SolutionGuid = {EF76F27C-8C66-463F-929D-481CBC57A7BC}
	EndGlobalSection
EndGlobal
